version = 1
revision = 3
requires-python = ">=3.14"

[[package]]
name = "falcon"
version = "4.3.1"
source = { registry = "https://pypi.org/simple" }
sdist = { url = "https://files.pythonhosted.org/packages/a0/02/a51af369a4feded77801d744f2d4669c7fa0a294bc117acf6ee06439937b/falcon-4.3.1.tar.gz", hash = "sha256:b5081be62f1e2d4f5140f4bad6993fd2bf8b1e503ee7261f56d324b87e41a67a", size = 687415, upload-time = "2026-06-16T05:31:25.864Z" }
wheels = [
    { url = "https://files.pythonhosted.org/packages/99/54/68a589193349f7db5c25ccc0823b22e5395ad7325551e20590680eecbddf/falcon-4.3.1-cp314-cp314-macosx_11_0_arm64.whl", hash = "sha256:7baf12d82e48998efdb6a270d384ac18bd3ec12665ca4356498c35a707e37359", size = 426480, upload-time = "2026-06-16T05:42:41.517Z" },
    { url = "https://files.pythonhosted.org/packages/9e/eb/7f711c2be80eb8a297727ab17ce5dfa013a3b6275c7d8a9b23a9a27e19f0/falcon-4.3.1-cp314-cp314-manylinux2014_aarch64.manylinux_2_17_aarch64.manylinux_2_28_aarch64.whl", hash = "sha256:974a4f8efc0b33268ae56dd4379c4386bd7f7c8b3635c236a9289bea1e899c17", size = 872708, upload-time = "2026-06-16T05:42:43.174Z" },
    { url = "https://files.pythonhosted.org/packages/4c/70/72d281b4181851e8e9f4bb8d2fd8bf3b35c3ecc269358b67bf24cb8f0388/falcon-4.3.1-cp314-cp314-manylinux2014_s390x.manylinux_2_17_s390x.manylinux_2_28_s390x.whl", hash = "sha256:3504fa4c63d2ab892434b1375706b6f89d8ca73488cc1a69976562928d5a658f", size = 905775, upload-time = "2026-06-16T05:42:44.754Z" },
    { url = "https://files.pythonhosted.org/packages/21/73/68bfa5e7db8a039a71e7c0e99c067aa192c4eeddaad8427c38a1ec4bb584/falcon-4.3.1-cp314-cp314-manylinux2014_x86_64.manylinux_2_17_x86_64.manylinux_2_28_x86_64.whl", hash = "sha256:761c79d34480e3f9fe4cd89bc82fa554b8d54a56810f796e5cddc5b8314780a4", size = 875880, upload-time = "2026-06-16T05:42:46.391Z" },
    { url = "https://files.pythonhosted.org/packages/0e/fa/fc02220e7ab96fb7fec86c72e5ba317732cebb3a088986d32584e64a0061/falcon-4.3.1-cp314-cp314-musllinux_1_2_aarch64.whl", hash = "sha256:318837add4ec1ad04a28d507911985f2b08cfcb56b34b69eb87188bd98e017c0", size = 862812, upload-time = "2026-06-16T05:42:48.199Z" },
    { url = "https://files.pythonhosted.org/packages/eb/07/aa1e2be6c63306cba060cec3500f047b041b4f26129ed352ee5a02f3c86a/falcon-4.3.1-cp314-cp314-musllinux_1_2_x86_64.whl", hash = "sha256:9449bc13e0f8ebaedf80a1ce2344d7935183d45680a9fd75057e40fa0ebc5409", size = 874413, upload-time = "2026-06-16T05:42:49.659Z" },
    { url = "https://files.pythonhosted.org/packages/11/21/a9b295702898c688d7c0f5aaed4d33dcd26ac1f47683d27f55dcaccc9e1d/falcon-4.3.1-cp314-cp314-win_amd64.whl", hash = "sha256:1d8d54db0fa01d232c05cc16e17dd69f76628789afac49beef85fcad61af1668", size = 417560, upload-time = "2026-06-16T05:42:51.248Z" },
    { url = "https://files.pythonhosted.org/packages/92/7d/d5dd88d6afcf5dade4090115635d34a78fdacede7c8deff6636e8d3aa6d0/falcon-4.3.1-cp314-cp314t-manylinux2014_aarch64.manylinux_2_17_aarch64.manylinux_2_28_aarch64.whl", hash = "sha256:b76706dcede435bbf6dcbbde8e63ce223454e379f9f0463d3d686c10a9b2c844", size = 987965, upload-time = "2026-06-16T05:42:53.064Z" },
    { url = "https://files.pythonhosted.org/packages/f1/61/5caa5986123dc0378a0f296be251502543c55f7d98a06647ff050eb57772/falcon-4.3.1-cp314-cp314t-manylinux2014_x86_64.manylinux_2_17_x86_64.manylinux_2_28_x86_64.whl", hash = "sha256:3f4cdd80ffd112766e3e53a166b9f46218bebb3619dd2abeaf4e618386a0cfec", size = 973455, upload-time = "2026-06-16T05:42:55.671Z" },
    { url = "https://files.pythonhosted.org/packages/30/f3/41a4c8fe25af0f7f84b437b87d2b654387bc2a1efcae8076c33079651a7d/falcon-4.3.1-cp314-cp314t-musllinux_1_2_aarch64.whl", hash = "sha256:9c78fdd7fa7c39f9e179c494716efb5c75b476938078e83a7ff6b247d461b64a", size = 960935, upload-time = "2026-06-16T05:42:57.346Z" },
    { url = "https://files.pythonhosted.org/packages/59/da/99632e285b4622aa9687bac3e682270b09f9f857309158b9668582d71297/falcon-4.3.1-cp314-cp314t-musllinux_1_2_x86_64.whl", hash = "sha256:2bb8cb5c4e5cfb7819169f3bd11683ca9ef57e0169f9fee0189d0a1b71af6b77", size = 965542, upload-time = "2026-06-16T05:42:58.991Z" },
    { url = "https://files.pythonhosted.org/packages/da/ef/5790e74a7b39d2c085554f347be22a1882649a29a7a65e9c81bfaf9e8fc6/falcon-4.3.1-py3-none-any.whl", hash = "sha256:5402602d14bc426afc01c388538f2ad402ac4c8c2477415dfe972a2deee17248", size = 332719, upload-time = "2026-06-16T05:31:23.373Z" },
]

[[package]]
name = "inflationstudymirror"
version = "0.1.0"
source = { virtual = "." }
dependencies = [
    { name = "falcon" },
]

[package.metadata]
requires-dist = [{ name = "falcon" }]
